PODS:
  - Flutter (1.0.0)
  - flutter_yookassa_payments (0.0.1):
    - Flutter

DEPENDENCIES:
  - Flutter (from `Flutter`)
  - flutter_yookassa_payments (from `.symlinks/plugins/flutter_yookassa_payments/ios`)

EXTERNAL SOURCES:
  Flutter:
    :path: Flutter
  flutter_yookassa_payments:
    :path: ".symlinks/plugins/flutter_yookassa_payments/ios"

SPEC CHECKSUMS:
  Flutter: 434fef37c0980e73bb6479ef766c45957d4b510c
  flutter_yookassa_payments: d7f8d3635362873f97976ea107a3d384785a8ce9

PODFILE CHECKSUM: aafe91acc616949ddb318b77800a7f51bffa2a4c

COCOAPODS: 1.10.1
